
Microsoft Visual Studio Solution File, Format Version 12.00
# Visual Studio Version 16
VisualStudioVersion = 16.0.30611.23
MinimumVisualStudioVersion = 10.0.40219.1
Project("{9A19103F-16F7-4668-BE54-9A1E7A4F7556}") = "BloodCenter", "BloodCenter\BloodCenter.csproj", "{79B1ABCC-8AD7-4E6C-A6BC-840C5118B2EA}"
EndProject
Project("{9A19103F-16F7-4668-BE54-9A1E7A4F7556}") = "ConsoleUI", "ConsoleUI\ConsoleUI.csproj", "{3D1D0004-7384-4411-8AEF-811C33475647}"
EndProject
Project("{FAE04EC0-301F-11D3-BF4B-00C04F79EFBC}") = "AdminUI", "AdminUI\AdminUI.csproj", "{CA995765-6FD6-47C8-B869-7820074B5173}"
EndProject
Global
	GlobalSection(SolutionConfigurationPlatforms) = preSolution
		Debug|Any CPU = Debug|Any CPU
		Release|Any CPU = Release|Any CPU
	EndGlobalSection
	GlobalSection(ProjectConfigurationPlatforms) = postSolution
		{79B1ABCC-8AD7-4E6C-A6BC-840C5118B2EA}.Debug|Any CPU.ActiveCfg = Debug|Any CPU
		{79B1ABCC-8AD7-4E6C-A6BC-840C5118B2EA}.Debug|Any CPU.Build.0 = Debug|Any CPU
		{79B1ABCC-8AD7-4E6C-A6BC-840C5118B2EA}.Release|Any CPU.ActiveCfg = Release|Any CPU
		{79B1ABCC-8AD7-4E6C-A6BC-840C5118B2EA}.Release|Any CPU.Build.0 = Release|Any CPU
		{3D1D0004-7384-4411-8AEF-811C33475647}.Debug|Any CPU.ActiveCfg = Debug|Any CPU
		{3D1D0004-7384-4411-8AEF-811C33475647}.Debug|Any CPU.Build.0 = Debug|Any CPU
		{3D1D0004-7384-4411-8AEF-811C33475647}.Release|Any CPU.ActiveCfg = Release|Any CPU
		{3D1D0004-7384-4411-8AEF-811C33475647}.Release|Any CPU.Build.0 = Release|Any CPU
		{CA995765-6FD6-47C8-B869-7820074B5173}.Debug|Any CPU.ActiveCfg = Debug|Any CPU
		{CA995765-6FD6-47C8-B869-7820074B5173}.Debug|Any CPU.Build.0 = Debug|Any CPU
		{CA995765-6FD6-47C8-B869-7820074B5173}.Release|Any CPU.ActiveCfg = Release|Any CPU
		{CA995765-6FD6-47C8-B869-7820074B5173}.Release|Any CPU.Build.0 = Release|Any CPU
	EndGlobalSection
	GlobalSection(SolutionProperties) = preSolution
		HideSolutionNode = FALSE
	EndGlobalSection
	GlobalSection(ExtensibilityGlobals) = postSolution
		SolutionGuid = {107C7A4C-0199-46DC-AA51-94EEF33801D1}
	EndGlobalSection
EndGlobal
